
Microsoft Visual Studio Solution File, Format Version 12.00
# Visual Studio 2012
Project("{FAE04EC0-301F-11D3-BF4B-00C04F79EFBC}") = "TagVsAttributes", "1_Grundlagen_XAML\1_TagVsAttributes\TagVsAttributes.csproj", "{5EDB3EEE-5E4B-41C0-968D-29E42C0BB842}"
EndProject
Project("{FAE04EC0-301F-11D3-BF4B-00C04F79EFBC}") = "MarkupSyntax", "1_Grundlagen_XAML\2_MarkupSyntax\MarkupSyntax.csproj", "{9B226958-4AC0-4674-9532-CA9E3A7931DB}"
EndProject
Project("{2150E333-8FDC-42A3-9474-1A3956D46DE8}") = "XAML", "XAML", "{004A8079-B3CB-446F-A48D-A9687A37024B}"
EndProject
Project("{2150E333-8FDC-42A3-9474-1A3956D46DE8}") = "Bindings", "Bindings", "{7574C013-D4C5-47F4-9447-281BF848DA0D}"
EndProject
Project("{FAE04EC0-301F-11D3-BF4B-00C04F79EFBC}") = "Allgemein", "2_Grundlagen_Binding\1_Allgemein\Allgemein.csproj", "{82757EAB-39CE-426D-AF08-FF1BEB7C1F3D}"
EndProject
Project("{FAE04EC0-301F-11D3-BF4B-00C04F79EFBC}") = "BindingModes", "2_Grundlagen_Binding\2_BindingModes\BindingModes.csproj", "{6A32B264-0A2E-4097-B85B-7EE2CE5D2BF8}"
EndProject
Project("{FAE04EC0-301F-11D3-BF4B-00C04F79EFBC}") = "BindingDataContext", "2_Grundlagen_Binding\3_BindingDataContext\BindingDataContext.csproj", "{7F928BC5-232C-45D4-AF02-88DBD43CAFF6}"
EndProject
Project("{FAE04EC0-301F-11D3-BF4B-00C04F79EFBC}") = "ElementDataTemplateBinding", "2_Grundlagen_Binding\4_Element_Data_TemplateBinding\ElementDataTemplateBinding.csproj", "{C6EB953D-0CC7-4DF9-8C7A-2071B236952D}"
EndProject
Project("{2150E333-8FDC-42A3-9474-1A3956D46DE8}") = "Styles", "Styles", "{5390C74E-162A-4F8F-B5CE-1E6C0472C5D0}"
EndProject
Project("{FAE04EC0-301F-11D3-BF4B-00C04F79EFBC}") = "SimpleStyle", "3_Grundlagen_Styles\1_SimpleStyle\SimpleStyle.csproj", "{E09980BE-5AE5-4C14-9409-9108B03846AF}"
EndProject
Project("{FAE04EC0-301F-11D3-BF4B-00C04F79EFBC}") = "StyleTriggers", "3_Grundlagen_Styles\2_Triggers\StyleTriggers.csproj", "{1DB3C77C-DCF1-438A-8A95-ADF79B4903E4}"
EndProject
Project("{2150E333-8FDC-42A3-9474-1A3956D46DE8}") = "Events", "Events", "{A193B534-1296-4D83-A901-E4E9CEBDA295}"
EndProject
Project("{FAE04EC0-301F-11D3-BF4B-00C04F79EFBC}") = "SimpleEvents", "4_Events\1_SimpleEvents\SimpleEvents.csproj", "{AA5BB7A0-50CC-4531-B74D-7C150075CA6C}"
EndProject
Project("{FAE04EC0-301F-11D3-BF4B-00C04F79EFBC}") = "RoutedEvents", "4_Events\2_RoutedEvents\RoutedEvents.csproj", "{169FF0B4-24DF-4F1E-A11E-DD1153065ED0}"
EndProject
Project("{FAE04EC0-301F-11D3-BF4B-00C04F79EFBC}") = "Themes", "3_Themes\Themes.csproj", "{55CBE0E9-9A65-43AA-901D-71BD53EB2387}"
EndProject
Global
	GlobalSection(SolutionConfigurationPlatforms) = preSolution
		Debug|Any CPU = Debug|Any CPU
		Release|Any CPU = Release|Any CPU
	EndGlobalSection
	GlobalSection(ProjectConfigurationPlatforms) = postSolution
		{5EDB3EEE-5E4B-41C0-968D-29E42C0BB842}.Debug|Any CPU.ActiveCfg = Debug|Any CPU
		{5EDB3EEE-5E4B-41C0-968D-29E42C0BB842}.Debug|Any CPU.Build.0 = Debug|Any CPU
		{5EDB3EEE-5E4B-41C0-968D-29E42C0BB842}.Release|Any CPU.ActiveCfg = Release|Any CPU
		{5EDB3EEE-5E4B-41C0-968D-29E42C0BB842}.Release|Any CPU.Build.0 = Release|Any CPU
		{9B226958-4AC0-4674-9532-CA9E3A7931DB}.Debug|Any CPU.ActiveCfg = Debug|Any CPU
		{9B226958-4AC0-4674-9532-CA9E3A7931DB}.Debug|Any CPU.Build.0 = Debug|Any CPU
		{9B226958-4AC0-4674-9532-CA9E3A7931DB}.Release|Any CPU.ActiveCfg = Release|Any CPU
		{9B226958-4AC0-4674-9532-CA9E3A7931DB}.Release|Any CPU.Build.0 = Release|Any CPU
		{82757EAB-39CE-426D-AF08-FF1BEB7C1F3D}.Debug|Any CPU.ActiveCfg = Debug|Any CPU
		{82757EAB-39CE-426D-AF08-FF1BEB7C1F3D}.Debug|Any CPU.Build.0 = Debug|Any CPU
		{82757EAB-39CE-426D-AF08-FF1BEB7C1F3D}.Release|Any CPU.ActiveCfg = Release|Any CPU
		{82757EAB-39CE-426D-AF08-FF1BEB7C1F3D}.Release|Any CPU.Build.0 = Release|Any CPU
		{6A32B264-0A2E-4097-B85B-7EE2CE5D2BF8}.Debug|Any CPU.ActiveCfg = Debug|Any CPU
		{6A32B264-0A2E-4097-B85B-7EE2CE5D2BF8}.Debug|Any CPU.Build.0 = Debug|Any CPU
		{6A32B264-0A2E-4097-B85B-7EE2CE5D2BF8}.Release|Any CPU.ActiveCfg = Release|Any CPU
		{6A32B264-0A2E-4097-B85B-7EE2CE5D2BF8}.Release|Any CPU.Build.0 = Release|Any CPU
		{7F928BC5-232C-45D4-AF02-88DBD43CAFF6}.Debug|Any CPU.ActiveCfg = Debug|Any CPU
		{7F928BC5-232C-45D4-AF02-88DBD43CAFF6}.Debug|Any CPU.Build.0 = Debug|Any CPU
		{7F928BC5-232C-45D4-AF02-88DBD43CAFF6}.Release|Any CPU.ActiveCfg = Release|Any CPU
		{7F928BC5-232C-45D4-AF02-88DBD43CAFF6}.Release|Any CPU.Build.0 = Release|Any CPU
		{C6EB953D-0CC7-4DF9-8C7A-2071B236952D}.Debug|Any CPU.ActiveCfg = Debug|Any CPU
		{C6EB953D-0CC7-4DF9-8C7A-2071B236952D}.Debug|Any CPU.Build.0 = Debug|Any CPU
		{C6EB953D-0CC7-4DF9-8C7A-2071B236952D}.Release|Any CPU.ActiveCfg = Release|Any CPU
		{C6EB953D-0CC7-4DF9-8C7A-2071B236952D}.Release|Any CPU.Build.0 = Release|Any CPU
		{E09980BE-5AE5-4C14-9409-9108B03846AF}.Debug|Any CPU.ActiveCfg = Debug|Any CPU
		{E09980BE-5AE5-4C14-9409-9108B03846AF}.Debug|Any CPU.Build.0 = Debug|Any CPU
		{E09980BE-5AE5-4C14-9409-9108B03846AF}.Release|Any CPU.ActiveCfg = Release|Any CPU
		{E09980BE-5AE5-4C14-9409-9108B03846AF}.Release|Any CPU.Build.0 = Release|Any CPU
		{1DB3C77C-DCF1-438A-8A95-ADF79B4903E4}.Debug|Any CPU.ActiveCfg = Debug|Any CPU
		{1DB3C77C-DCF1-438A-8A95-ADF79B4903E4}.Debug|Any CPU.Build.0 = Debug|Any CPU
		{1DB3C77C-DCF1-438A-8A95-ADF79B4903E4}.Release|Any CPU.ActiveCfg = Release|Any CPU
		{1DB3C77C-DCF1-438A-8A95-ADF79B4903E4}.Release|Any CPU.Build.0 = Release|Any CPU
		{AA5BB7A0-50CC-4531-B74D-7C150075CA6C}.Debug|Any CPU.ActiveCfg = Debug|Any CPU
		{AA5BB7A0-50CC-4531-B74D-7C150075CA6C}.Debug|Any CPU.Build.0 = Debug|Any CPU
		{AA5BB7A0-50CC-4531-B74D-7C150075CA6C}.Release|Any CPU.ActiveCfg = Release|Any CPU
		{AA5BB7A0-50CC-4531-B74D-7C150075CA6C}.Release|Any CPU.Build.0 = Release|Any CPU
		{169FF0B4-24DF-4F1E-A11E-DD1153065ED0}.Debug|Any CPU.ActiveCfg = Debug|Any CPU
		{169FF0B4-24DF-4F1E-A11E-DD1153065ED0}.Debug|Any CPU.Build.0 = Debug|Any CPU
		{169FF0B4-24DF-4F1E-A11E-DD1153065ED0}.Release|Any CPU.ActiveCfg = Release|Any CPU
		{169FF0B4-24DF-4F1E-A11E-DD1153065ED0}.Release|Any CPU.Build.0 = Release|Any CPU
		{55CBE0E9-9A65-43AA-901D-71BD53EB2387}.Debug|Any CPU.ActiveCfg = Debug|Any CPU
		{55CBE0E9-9A65-43AA-901D-71BD53EB2387}.Debug|Any CPU.Build.0 = Debug|Any CPU
		{55CBE0E9-9A65-43AA-901D-71BD53EB2387}.Release|Any CPU.ActiveCfg = Release|Any CPU
		{55CBE0E9-9A65-43AA-901D-71BD53EB2387}.Release|Any CPU.Build.0 = Release|Any CPU
	EndGlobalSection
	GlobalSection(SolutionProperties) = preSolution
		HideSolutionNode = FALSE
	EndGlobalSection
	GlobalSection(NestedProjects) = preSolution
		{9B226958-4AC0-4674-9532-CA9E3A7931DB} = {004A8079-B3CB-446F-A48D-A9687A37024B}
		{5EDB3EEE-5E4B-41C0-968D-29E42C0BB842} = {004A8079-B3CB-446F-A48D-A9687A37024B}
		{82757EAB-39CE-426D-AF08-FF1BEB7C1F3D} = {7574C013-D4C5-47F4-9447-281BF848DA0D}
		{6A32B264-0A2E-4097-B85B-7EE2CE5D2BF8} = {7574C013-D4C5-47F4-9447-281BF848DA0D}
		{7F928BC5-232C-45D4-AF02-88DBD43CAFF6} = {7574C013-D4C5-47F4-9447-281BF848DA0D}
		{C6EB953D-0CC7-4DF9-8C7A-2071B236952D} = {7574C013-D4C5-47F4-9447-281BF848DA0D}
		{E09980BE-5AE5-4C14-9409-9108B03846AF} = {5390C74E-162A-4F8F-B5CE-1E6C0472C5D0}
		{1DB3C77C-DCF1-438A-8A95-ADF79B4903E4} = {5390C74E-162A-4F8F-B5CE-1E6C0472C5D0}
		{55CBE0E9-9A65-43AA-901D-71BD53EB2387} = {5390C74E-162A-4F8F-B5CE-1E6C0472C5D0}
		{AA5BB7A0-50CC-4531-B74D-7C150075CA6C} = {A193B534-1296-4D83-A901-E4E9CEBDA295}
		{169FF0B4-24DF-4F1E-A11E-DD1153065ED0} = {A193B534-1296-4D83-A901-E4E9CEBDA295}
	EndGlobalSection
EndGlobal
